// !$*UTF8*$!
{
	archiveVersion = 1;
	classes = {
	};
	objectVersion = 77;
	objects = {

/* Begin PBXBuildFile section */
		49C9D3001BE398CC1C792640 /* Assets.xcassets in Resources */ = {isa = PBXBuildFile; fileRef = 826C139DB15F5EC886D74374 /* Assets.xcassets */; };
		6132AB70CC79F82485B55AC3 /* Haptics.swift in Sources */ = {isa = PBXBuildFile; fileRef = DA59864615121E148EA9DA41 /* Haptics.swift */; };
		8D97628C3BA297E4BB722598 /* SettingsView.swift in Sources */ = {isa = PBXBuildFile; fileRef = F7B43C27B3DA18181CE529BA /* SettingsView.swift */; };
		A32D7614123E2A3CE2EB68C2 /* ContentView.swift in Sources */ = {isa = PBXBuildFile; fileRef = E9942352F0165CAC8BEC65C0 /* ContentView.swift */; };
		C33CCA0BC5C6459003AE7311 /* SoundPlayer.swift in Sources */ = {isa = PBXBuildFile; fileRef = A7A93FA01A0A9E9A473E690C /* SoundPlayer.swift */; };
		C5798088864EF882C604E751 /* Stats.swift in Sources */ = {isa = PBXBuildFile; fileRef = D8F76E1DABC28775BD231B7D /* Stats.swift */; };
		E2710A0D742E27F414625A92 /* knock.wav in Resources */ = {isa = PBXBuildFile; fileRef = CAEC9E9A5A548E9D65106ACE /* knock.wav */; };
		F50D6918666BA9369ADF32FB /* TouchWoodApp.swift in Sources */ = {isa = PBXBuildFile; fileRef = 01E0ED40B2F5A078AB8936C5 /* TouchWoodApp.swift */; };
/* End PBXBuildFile section */

/* Begin PBXFileReference section */
		01E0ED40B2F5A078AB8936C5 /* TouchWoodApp.swift */ = {isa = PBXFileReference; lastKnownFileType = sourcecode.swift; path = TouchWoodApp.swift; sourceTree = "<group>"; };
		826C139DB15F5EC886D74374 /* Assets.xcassets */ = {isa = PBXFileReference; lastKnownFileType = folder.assetcatalog; path = Assets.xcassets; sourceTree = "<group>"; };
		A7A93FA01A0A9E9A473E690C /* SoundPlayer.swift */ = {isa = PBXFileReference; lastKnownFileType = sourcecode.swift; path = SoundPlayer.swift; sourceTree = "<group>"; };
		CAEC9E9A5A548E9D65106ACE /* knock.wav */ = {isa = PBXFileReference; lastKnownFileType = audio.wav; path = knock.wav; sourceTree = "<group>"; };
		D8F76E1DABC28775BD231B7D /* Stats.swift */ = {isa = PBXFileReference; lastKnownFileType = sourcecode.swift; path = Stats.swift; sourceTree = "<group>"; };
		DA59864615121E148EA9DA41 /* Haptics.swift */ = {isa = PBXFileReference; lastKnownFileType = sourcecode.swift; path = Haptics.swift; sourceTree = "<group>"; };
		DBA5A8F721D00577D4C9E61C /* TouchWood.app */ = {isa = PBXFileReference; explicitFileType = wrapper.application; includeInIndex = 0; path = TouchWood.app; sourceTree = BUILT_PRODUCTS_DIR; };
		E9942352F0165CAC8BEC65C0 /* ContentView.swift */ = {isa = PBXFileReference; lastKnownFileType = sourcecode.swift; path = ContentView.swift; sourceTree = "<group>"; };
		F7B43C27B3DA18181CE529BA /* SettingsView.swift */ = {isa = PBXFileReference; lastKnownFileType = sourcecode.swift; path = SettingsView.swift; sourceTree = "<group>"; };
/* End PBXFileReference section */

/* Begin PBXGroup section */
		37063DC2DDBD340FE4746907 /* TouchWood */ = {
			isa = PBXGroup;
			children = (
				826C139DB15F5EC886D74374 /* Assets.xcassets */,
				E9942352F0165CAC8BEC65C0 /* ContentView.swift */,
				DA59864615121E148EA9DA41 /* Haptics.swift */,
				F7B43C27B3DA18181CE529BA /* SettingsView.swift */,
				A7A93FA01A0A9E9A473E690C /* SoundPlayer.swift */,
				D8F76E1DABC28775BD231B7D /* Stats.swift */,
				01E0ED40B2F5A078AB8936C5 /* TouchWoodApp.swift */,
				B46E3D5906BEFAEAADDE4446 /* Resources */,
			);
			path = TouchWood;
			sourceTree = "<group>";
		};
		414B01B48813B218D19B5153 = {
			isa = PBXGroup;
			children = (
				37063DC2DDBD340FE4746907 /* TouchWood */,
				AF226F95AF420903031C0A48 /* Products */,
			);
			sourceTree = "<group>";
		};
		AF226F95AF420903031C0A48 /* Products */ = {
			isa = PBXGroup;
			children = (
				DBA5A8F721D00577D4C9E61C /* TouchWood.app */,
			);
			name = Products;
			sourceTree = "<group>";
		};
		B46E3D5906BEFAEAADDE4446 /* Resources */ = {
			isa = PBXGroup;
			children = (
				CAEC9E9A5A548E9D65106ACE /* knock.wav */,
			);
			path = Resources;
			sourceTree = "<group>";
		};
/* End PBXGroup section */

/* Begin PBXNativeTarget section */
		2F183DF52BDBB5D9D711D635 /* TouchWood */ = {
			isa = PBXNativeTarget;
			buildConfigurationList = 1FB34CAAF1A95559D7DD61D2 /* Build configuration list for PBXNativeTarget "TouchWood" */;
			buildPhases = (
				5789F4EBC6388BE1CE49FA2E /* Sources */,
				428ECCC41BF7348AC93EAC59 /* Resources */,
			);
			buildRules = (
			);
			dependencies = (
			);
			name = TouchWood;
			packageProductDependencies = (
			);
			productName = TouchWood;
			productReference = DBA5A8F721D00577D4C9E61C /* TouchWood.app */;
			productType = "com.apple.product-type.application";
		};
/* End PBXNativeTarget section */

/* Begin PBXProject section */
		577D076BFF218D055EBE9C29 /* Project object */ = {
			isa = PBXProject;
			attributes = {
				BuildIndependentTargetsInParallel = YES;
				LastUpgradeCheck = 1430;
			};
			buildConfigurationList = 976A26FCB51905CA4929CD07 /* Build configuration list for PBXProject "TouchWood" */;
			developmentRegion = en;
			hasScannedForEncodings = 0;
			knownRegions = (
				Base,
				en,
			);
			mainGroup = 414B01B48813B218D19B5153;
			minimizedProjectReferenceProxies = 1;
			preferredProjectObjectVersion = 77;
			productRefGroup = AF226F95AF420903031C0A48 /* Products */;
			projectDirPath = "";
			projectRoot = "";
			targets = (
				2F183DF52BDBB5D9D711D635 /* TouchWood */,
			);
		};
/* End PBXProject section */

/* Begin PBXResourcesBuildPhase section */
		428ECCC41BF7348AC93EAC59 /* Resources */ = {
			isa = PBXResourcesBuildPhase;
			buildActionMask = 2147483647;
			files = (
				49C9D3001BE398CC1C792640 /* Assets.xcassets in Resources */,
				E2710A0D742E27F414625A92 /* knock.wav in Resources */,
			);
			runOnlyForDeploymentPostprocessing = 0;
		};
/* End PBXResourcesBuildPhase section */

/* Begin PBXSourcesBuildPhase section */
		5789F4EBC6388BE1CE49FA2E /* Sources */ = {
			isa = PBXSourcesBuildPhase;
			buildActionMask = 2147483647;
			files = (
				A32D7614123E2A3CE2EB68C2 /* ContentView.swift in Sources */,
				6132AB70CC79F82485B55AC3 /* Haptics.swift in Sources */,
				8D97628C3BA297E4BB722598 /* SettingsView.swift in Sources */,
				C33CCA0BC5C6459003AE7311 /* SoundPlayer.swift in Sources */,
				C5798088864EF882C604E751 /* Stats.swift in Sources */,
				F50D6918666BA9369ADF32FB /* TouchWoodApp.swift in Sources */,
			);
			runOnlyForDeploymentPostprocessing = 0;
		};
/* End PBXSourcesBuildPhase section */

/* Begin XCBuildConfiguration section */
		1471093C684D7464C907A361 /* Debug */ = {
			isa = XCBuildConfiguration;
			buildSettings = {
				ALWAYS_SEARCH_USER_PATHS = NO;
				CLANG_ANALYZER_NONNULL = YES;
				CLANG_ANALYZER_NUMBER_OBJECT_CONVERSION = YES_AGGRESSIVE;
				CLANG_CXX_LANGUAGE_STANDARD = "gnu++14";
				CLANG_CXX_LIBRARY = "libc++";
				CLANG_ENABLE_MODULES = YES;
				CLANG_ENABLE_OBJC_ARC = YES;
				CLANG_ENABLE_OBJC_WEAK = YES;
				CLANG_WARN_BLOCK_CAPTURE_AUTORELEASING = YES;
				CLANG_WARN_BOOL_CONVERSION = YES;
				CLANG_WARN_COMMA = YES;
				CLANG_WARN_CONSTANT_CONVERSION = YES;
				CLANG_WARN_DEPRECATED_OBJC_IMPLEMENTATIONS = YES;
				CLANG_WARN_DIRECT_OBJC_ISA_USAGE = YES_ERROR;
				CLANG_WARN_DOCUMENTATION_COMMENTS = YES;
				CLANG_WARN_EMPTY_BODY = YES;
				CLANG_WARN_ENUM_CONVERSION = YES;
				CLANG_WARN_INFINITE_RECURSION = YES;
				CLANG_WARN_INT_CONVERSION = YES;
				CLANG_WARN_NON_LITERAL_NULL_CONVERSION = YES;
				CLANG_WARN_OBJC_IMPLICIT_RETAIN_SELF = YES;
				CLANG_WARN_OBJC_LITERAL_CONVERSION = YES;
				CLANG_WARN_OBJC_ROOT_CLASS = YES_ERROR;
				CLANG_WARN_QUOTED_INCLUDE_IN_FRAMEWORK_HEADER = YES;
				CLANG_WARN_RANGE_LOOP_ANALYSIS = YES;
				CLANG_WARN_STRICT_PROTOTYPES = YES;
				CLANG_WARN_SUSPICIOUS_MOVE = YES;
				CLANG_WARN_UNGUARDED_AVAILABILITY = YES_AGGRESSIVE;
				CLANG_WARN_UNREACHABLE_CODE = YES;
				CLANG_WARN__DUPLICATE_METHOD_MATCH = YES;
				COPY_PHASE_STRIP = NO;
				DEBUG_INFORMATION_FORMAT = dwarf;
				ENABLE_STRICT_OBJC_MSGSEND = YES;
				ENABLE_TESTABILITY = YES;
				GCC_C_LANGUAGE_STANDARD = gnu11;
				GCC_DYNAMIC_NO_PIC = NO;
				GCC_NO_COMMON_BLOCKS = YES;
				GCC_OPTIMIZATION_LEVEL = 0;
				GCC_PREPROCESSOR_DEFINITIONS = (
					"$(inherited)",
					"DEBUG=1",
				);
				GCC_WARN_64_TO_32_BIT_CONVERSION = YES;
				GCC_WARN_ABOUT_RETURN_TYPE = YES_ERROR;
				GCC_WARN_UNDECLARED_SELECTOR = YES;
				GCC_WARN_UNINITIALIZED_AUTOS = YES_AGGRESSIVE;
				GCC_WARN_UNUSED_FUNCTION = YES;
				GCC_WARN_UNUSED_VARIABLE = YES;
				IPHONEOS_DEPLOYMENT_TARGET = 16.0;
				MTL_ENABLE_DEBUG_INFO = INCLUDE_SOURCE;
				MTL_FAST_MATH = YES;
				ONLY_ACTIVE_ARCH = YES;
				PRODUCT_NAME = "$(TARGET_NAME)";
				SDKROOT = iphoneos;
				SWIFT_ACTIVE_COMPILATION_CONDITIONS = DEBUG;
				SWIFT_OPTIMIZATION_LEVEL = "-Onone";
				SWIFT_VERSION = 5.0;
			};
			name = Debug;
		};
		6B025D029C309AC08C6B9CED /* Release */ = {
			isa = XCBuildConfiguration;
			buildSettings = {
				ALWAYS_SEARCH_USER_PATHS = NO;
				CLANG_ANALYZER_NONNULL = YES;
				CLANG_ANALYZER_NUMBER_OBJECT_CONVERSION = YES_AGGRESSIVE;
				CLANG_CXX_LANGUAGE_STANDARD = "gnu++14";
				CLANG_CXX_LIBRARY = "libc++";
				CLANG_ENABLE_MODULES = YES;
				CLANG_ENABLE_OBJC_ARC = YES;
				CLANG_ENABLE_OBJC_WEAK = YES;
				CLANG_WARN_BLOCK_CAPTURE_AUTORELEASING = YES;
				CLANG_WARN_BOOL_CONVERSION = YES;
				CLANG_WARN_COMMA = YES;
				CLANG_WARN_CONSTANT_CONVERSION = YES;
				CLANG_WARN_DEPRECATED_OBJC_IMPLEMENTATIONS = YES;
				CLANG_WARN_DIRECT_OBJC_ISA_USAGE = YES_ERROR;
				CLANG_WARN_DOCUMENTATION_COMMENTS = YES;
				CLANG_WARN_EMPTY_BODY = YES;
				CLANG_WARN_ENUM_CONVERSION = YES;
				CLANG_WARN_INFINITE_RECURSION = YES;
				CLANG_WARN_INT_CONVERSION = YES;
				CLANG_WARN_NON_LITERAL_NULL_CONVERSION = YES;
				CLANG_WARN_OBJC_IMPLICIT_RETAIN_SELF = YES;
				CLANG_WARN_OBJC_LITERAL_CONVERSION = YES;
				CLANG_WARN_OBJC_ROOT_CLASS = YES_ERROR;
				CLANG_WARN_QUOTED_INCLUDE_IN_FRAMEWORK_HEADER = YES;
				CLANG_WARN_RANGE_LOOP_ANALYSIS = YES;
				CLANG_WARN_STRICT_PROTOTYPES = YES;
				CLANG_WARN_SUSPICIOUS_MOVE = YES;
				CLANG_WARN_UNGUARDED_AVAILABILITY = YES_AGGRESSIVE;
				CLANG_WARN_UNREACHABLE_CODE = YES;
				CLANG_WARN__DUPLICATE_METHOD_MATCH = YES;
				COPY_PHASE_STRIP = NO;
				DEBUG_INFORMATION_FORMAT = "dwarf-with-dsym";
				ENABLE_NS_ASSERTIONS = NO;
				ENABLE_STRICT_OBJC_MSGSEND = YES;
				GCC_C_LANGUAGE_STANDARD = gnu11;
				GCC_NO_COMMON_BLOCKS = YES;
				GCC_WARN_64_TO_32_BIT_CONVERSION = YES;
				GCC_WARN_ABOUT_RETURN_TYPE = YES_ERROR;
				GCC_WARN_UNDECLARED_SELECTOR = YES;
				GCC_WARN_UNINITIALIZED_AUTOS = YES_AGGRESSIVE;
				GCC_WARN_UNUSED_FUNCTION = YES;
				GCC_WARN_UNUSED_VARIABLE = YES;
				IPHONEOS_DEPLOYMENT_TARGET = 16.0;
				MTL_ENABLE_DEBUG_INFO = NO;
				MTL_FAST_MATH = YES;
				PRODUCT_NAME = "$(TARGET_NAME)";
				SDKROOT = iphoneos;
				SWIFT_COMPILATION_MODE = wholemodule;
				SWIFT_OPTIMIZATION_LEVEL = "-O";
				SWIFT_VERSION = 5.0;
			};
			name = Release;
		};
		773E415FB8097CAE095ADB3E /* Debug */ = {
			isa = XCBuildConfiguration;
			buildSettings = {
				ASSETCATALOG_COMPILER_APPICON_NAME = AppIcon;
				CODE_SIGN_IDENTITY = "iPhone Developer";
				CURRENT_PROJECT_VERSION = 1;
				DEVELOPMENT_TEAM = 399JAQ3629;
				ENABLE_PREVIEWS = YES;
				GENERATE_INFOPLIST_FILE = YES;
				INFOPLIST_KEY_CFBundleDisplayName = "Touch Wood";
				INFOPLIST_KEY_ITSAppUsesNonExemptEncryption = NO;
				INFOPLIST_KEY_UILaunchScreen_Generation = YES;
				INFOPLIST_KEY_UIStatusBarHidden = YES;
				INFOPLIST_KEY_UISupportedInterfaceOrientations = UIInterfaceOrientationPortrait;
				LD_RUNPATH_SEARCH_PATHS = (
					"$(inherited)",
					"@executable_path/Frameworks",
				);
				MARKETING_VERSION = 1.0;
				PRODUCT_BUNDLE_IDENTIFIER = com.stefanocheng.touchwood;
				SDKROOT = iphoneos;
				SWIFT_VERSION = 5.0;
				TARGETED_DEVICE_FAMILY = 1;
			};
			name = Debug;
		};
		AD77E43AF4203E231D560D7A /* Release */ = {
			isa = XCBuildConfiguration;
			buildSettings = {
				ASSETCATALOG_COMPILER_APPICON_NAME = AppIcon;
				CODE_SIGN_IDENTITY = "iPhone Developer";
				CURRENT_PROJECT_VERSION = 1;
				DEVELOPMENT_TEAM = 399JAQ3629;
				ENABLE_PREVIEWS = YES;
				GENERATE_INFOPLIST_FILE = YES;
				INFOPLIST_KEY_CFBundleDisplayName = "Touch Wood";
				INFOPLIST_KEY_ITSAppUsesNonExemptEncryption = NO;
				INFOPLIST_KEY_UILaunchScreen_Generation = YES;
				INFOPLIST_KEY_UIStatusBarHidden = YES;
				INFOPLIST_KEY_UISupportedInterfaceOrientations = UIInterfaceOrientationPortrait;
				LD_RUNPATH_SEARCH_PATHS = (
					"$(inherited)",
					"@executable_path/Frameworks",
				);
				MARKETING_VERSION = 1.0;
				PRODUCT_BUNDLE_IDENTIFIER = com.stefanocheng.touchwood;
				SDKROOT = iphoneos;
				SWIFT_VERSION = 5.0;
				TARGETED_DEVICE_FAMILY = 1;
			};
			name = Release;
		};
/* End XCBuildConfiguration section */

/* Begin XCConfigurationList section */
		1FB34CAAF1A95559D7DD61D2 /* Build configuration list for PBXNativeTarget "TouchWood" */ = {
			isa = XCConfigurationList;
			buildConfigurations = (
				773E415FB8097CAE095ADB3E /* Debug */,
				AD77E43AF4203E231D560D7A /* Release */,
			);
			defaultConfigurationIsVisible = 0;
			defaultConfigurationName = Debug;
		};
		976A26FCB51905CA4929CD07 /* Build configuration list for PBXProject "TouchWood" */ = {
			isa = XCConfigurationList;
			buildConfigurations = (
				1471093C684D7464C907A361 /* Debug */,
				6B025D029C309AC08C6B9CED /* Release */,
			);
			defaultConfigurationIsVisible = 0;
			defaultConfigurationName = Debug;
		};
/* End XCConfigurationList section */
	};
	rootObject = 577D076BFF218D055EBE9C29 /* Project object */;
}
